// !$*UTF8*$!
{
	archiveVersion = 1;
	classes = {
	};
	objectVersion = 50;
	objects = {

/* Begin PBXBuildFile section */
		1A4995D87328264DCF4EC6F9 /* libPods-TwitterInstant.a in Frameworks */ = {isa = PBXBuildFile; fileRef = 4135CEBF6BE22DF0DE4FCE60 /* libPods-TwitterInstant.a */; };
		7EAF6E77213A1F0A00390B75 /* AppDelegate.m in Sources */ = {isa = PBXBuildFile; fileRef = 7EAF6E76213A1F0A00390B75 /* AppDelegate.m */; };
		7EAF6E7A213A1F0A00390B75 /* ViewController.m in Sources */ = {isa = PBXBuildFile; fileRef = 7EAF6E79213A1F0A00390B75 /* ViewController.m */; };
		7EAF6E7F213A1F0B00390B75 /* Assets.xcassets in Resources */ = {isa = PBXBuildFile; fileRef = 7EAF6E7E213A1F0B00390B75 /* Assets.xcassets */; };
		7EAF6E82213A1F0B00390B75 /* LaunchScreen.storyboard in Resources */ = {isa = PBXBuildFile; fileRef = 7EAF6E80213A1F0B00390B75 /* LaunchScreen.storyboard */; };
		7EAF6E85213A1F0B00390B75 /* main.m in Sources */ = {isa = PBXBuildFile; fileRef = 7EAF6E84213A1F0B00390B75 /* main.m */; };
		7EAF6E94213A200A00390B75 /* RWSearchResultsViewController.m in Sources */ = {isa = PBXBuildFile; fileRef = 7EAF6E8C213A200A00390B75 /* RWSearchResultsViewController.m */; };
		7EAF6E95213A200A00390B75 /* background.jpg in Resources */ = {isa = PBXBuildFile; fileRef = 7EAF6E8D213A200A00390B75 /* background.jpg */; };
		7EAF6E96213A200A00390B75 /* RWSearchFormViewController.m in Sources */ = {isa = PBXBuildFile; fileRef = 7EAF6E8E213A200A00390B75 /* RWSearchFormViewController.m */; };
		7EAF6E97213A200A00390B75 /* RWTweet.m in Sources */ = {isa = PBXBuildFile; fileRef = 7EAF6E90213A200A00390B75 /* RWTweet.m */; };
		7EAF6E98213A200A00390B75 /* RWTableViewCell.m in Sources */ = {isa = PBXBuildFile; fileRef = 7EAF6E93213A200A00390B75 /* RWTableViewCell.m */; };
		7EAF6E9B213A20BE00390B75 /* Main.storyboard in Resources */ = {isa = PBXBuildFile; fileRef = 7EAF6E99213A20BD00390B75 /* Main.storyboard */; };
/* End PBXBuildFile section */

/* Begin PBXFileReference section */
		4135CEBF6BE22DF0DE4FCE60 /* libPods-TwitterInstant.a */ = {isa = PBXFileReference; explicitFileType = archive.ar; includeInIndex = 0; path = "libPods-TwitterInstant.a"; sourceTree = BUILT_PRODUCTS_DIR; };
		7EAF6E72213A1F0A00390B75 /* TwitterInstant.app */ = {isa = PBXFileReference; explicitFileType = wrapper.application; includeInIndex = 0; path = TwitterInstant.app; sourceTree = BUILT_PRODUCTS_DIR; };
		7EAF6E75213A1F0A00390B75 /* AppDelegate.h */ = {isa = PBXFileReference; lastKnownFileType = sourcecode.c.h; path = AppDelegate.h; sourceTree = "<group>"; };
		7EAF6E76213A1F0A00390B75 /* AppDelegate.m */ = {isa = PBXFileReference; lastKnownFileType = sourcecode.c.objc; path = AppDelegate.m; sourceTree = "<group>"; };
		7EAF6E78213A1F0A00390B75 /* ViewController.h */ = {isa = PBXFileReference; lastKnownFileType = sourcecode.c.h; path = ViewController.h; sourceTree = "<group>"; };
		7EAF6E79213A1F0A00390B75 /* ViewController.m */ = {isa = PBXFileReference; lastKnownFileType = sourcecode.c.objc; path = ViewController.m; sourceTree = "<group>"; };
		7EAF6E7E213A1F0B00390B75 /* Assets.xcassets */ = {isa = PBXFileReference; lastKnownFileType = folder.assetcatalog; path = Assets.xcassets; sourceTree = "<group>"; };
		7EAF6E81213A1F0B00390B75 /* Base */ = {isa = PBXFileReference; lastKnownFileType = file.storyboard; name = Base; path = Base.lproj/LaunchScreen.storyboard; sourceTree = "<group>"; };
		7EAF6E83213A1F0B00390B75 /* Info.plist */ = {isa = PBXFileReference; lastKnownFileType = text.plist.xml; path = Info.plist; sourceTree = "<group>"; };
		7EAF6E84213A1F0B00390B75 /* main.m */ = {isa = PBXFileReference; lastKnownFileType = sourcecode.c.objc; path = main.m; sourceTree = "<group>"; };
		7EAF6E8B213A200A00390B75 /* RWSearchFormViewController.h */ = {isa = PBXFileReference; fileEncoding = 4; lastKnownFileType = sourcecode.c.h; path = RWSearchFormViewController.h; sourceTree = "<group>"; };
		7EAF6E8C213A200A00390B75 /* RWSearchResultsViewController.m */ = {isa = PBXFileReference; fileEncoding = 4; lastKnownFileType = sourcecode.c.objc; path = RWSearchResultsViewController.m; sourceTree = "<group>"; };
		7EAF6E8D213A200A00390B75 /* background.jpg */ = {isa = PBXFileReference; lastKnownFileType = image.jpeg; path = background.jpg; sourceTree = "<group>"; };
		7EAF6E8E213A200A00390B75 /* RWSearchFormViewController.m */ = {isa = PBXFileReference; fileEncoding = 4; lastKnownFileType = sourcecode.c.objc; path = RWSearchFormViewController.m; sourceTree = "<group>"; };
		7EAF6E8F213A200A00390B75 /* RWTableViewCell.h */ = {isa = PBXFileReference; fileEncoding = 4; lastKnownFileType = sourcecode.c.h; path = RWTableViewCell.h; sourceTree = "<group>"; };
		7EAF6E90213A200A00390B75 /* RWTweet.m */ = {isa = PBXFileReference; fileEncoding = 4; lastKnownFileType = sourcecode.c.objc; path = RWTweet.m; sourceTree = "<group>"; };
		7EAF6E91213A200A00390B75 /* RWTweet.h */ = {isa = PBXFileReference; fileEncoding = 4; lastKnownFileType = sourcecode.c.h; path = RWTweet.h; sourceTree = "<group>"; };
		7EAF6E92213A200A00390B75 /* RWSearchResultsViewController.h */ = {isa = PBXFileReference; fileEncoding = 4; lastKnownFileType = sourcecode.c.h; path = RWSearchResultsViewController.h; sourceTree = "<group>"; };
		7EAF6E93213A200A00390B75 /* RWTableViewCell.m */ = {isa = PBXFileReference; fileEncoding = 4; lastKnownFileType = sourcecode.c.objc; path = RWTableViewCell.m; sourceTree = "<group>"; };
		7EAF6E9A213A20BD00390B75 /* Base */ = {isa = PBXFileReference; lastKnownFileType = file.storyboard; name = Base; path = Base.lproj/Main.storyboard; sourceTree = "<group>"; };
		99966A04A6478BEE0C8DB630 /* Pods-TwitterInstant.debug.xcconfig */ = {isa = PBXFileReference; includeInIndex = 1; lastKnownFileType = text.xcconfig; name = "Pods-TwitterInstant.debug.xcconfig"; path = "Pods/Target Support Files/Pods-TwitterInstant/Pods-TwitterInstant.debug.xcconfig"; sourceTree = "<group>"; };
		EFB941C86B339051EE0DDDD4 /* Pods-TwitterInstant.release.xcconfig */ = {isa = PBXFileReference; includeInIndex = 1; lastKnownFileType = text.xcconfig; name = "Pods-TwitterInstant.release.xcconfig"; path = "Pods/Target Support Files/Pods-TwitterInstant/Pods-TwitterInstant.release.xcconfig"; sourceTree = "<group>"; };
/* End PBXFileReference section */

/* Begin PBXFrameworksBuildPhase section */
		7EAF6E6F213A1F0A00390B75 /* Frameworks */ = {
			isa = PBXFrameworksBuildPhase;
			buildActionMask = 2147483647;
			files = (
				1A4995D87328264DCF4EC6F9 /* libPods-TwitterInstant.a in Frameworks */,
			);
			runOnlyForDeploymentPostprocessing = 0;
		};
/* End PBXFrameworksBuildPhase section */

/* Begin PBXGroup section */
		7EAF6E69213A1F0A00390B75 = {
			isa = PBXGroup;
			children = (
				7EAF6E74213A1F0A00390B75 /* TwitterInstant */,
				7EAF6E73213A1F0A00390B75 /* Products */,
				81B64C0AF3557CD154F87832 /* Pods */,
				DC0002ACDB859032861C4CC8 /* Frameworks */,
			);
			sourceTree = "<group>";
		};
		7EAF6E73213A1F0A00390B75 /* Products */ = {
			isa = PBXGroup;
			children = (
				7EAF6E72213A1F0A00390B75 /* TwitterInstant.app */,
			);
			name = Products;
			sourceTree = "<group>";
		};
		7EAF6E74213A1F0A00390B75 /* TwitterInstant */ = {
			isa = PBXGroup;
			children = (
				7EAF6E8D213A200A00390B75 /* background.jpg */,
				7EAF6E8B213A200A00390B75 /* RWSearchFormViewController.h */,
				7EAF6E8E213A200A00390B75 /* RWSearchFormViewController.m */,
				7EAF6E92213A200A00390B75 /* RWSearchResultsViewController.h */,
				7EAF6E8C213A200A00390B75 /* RWSearchResultsViewController.m */,
				7EAF6E8F213A200A00390B75 /* RWTableViewCell.h */,
				7EAF6E93213A200A00390B75 /* RWTableViewCell.m */,
				7EAF6E91213A200A00390B75 /* RWTweet.h */,
				7EAF6E90213A200A00390B75 /* RWTweet.m */,
				7EAF6E75213A1F0A00390B75 /* AppDelegate.h */,
				7EAF6E76213A1F0A00390B75 /* AppDelegate.m */,
				7EAF6E78213A1F0A00390B75 /* ViewController.h */,
				7EAF6E79213A1F0A00390B75 /* ViewController.m */,
				7EAF6E99213A20BD00390B75 /* Main.storyboard */,
				7EAF6E7E213A1F0B00390B75 /* Assets.xcassets */,
				7EAF6E80213A1F0B00390B75 /* LaunchScreen.storyboard */,
				7EAF6E83213A1F0B00390B75 /* Info.plist */,
				7EAF6E84213A1F0B00390B75 /* main.m */,
			);
			path = TwitterInstant;
			sourceTree = "<group>";
		};
		81B64C0AF3557CD154F87832 /* Pods */ = {
			isa = PBXGroup;
			children = (
				99966A04A6478BEE0C8DB630 /* Pods-TwitterInstant.debug.xcconfig */,
				EFB941C86B339051EE0DDDD4 /* Pods-TwitterInstant.release.xcconfig */,
			);
			name = Pods;
			sourceTree = "<group>";
		};
		DC0002ACDB859032861C4CC8 /* Frameworks */ = {
			isa = PBXGroup;
			children = (
				4135CEBF6BE22DF0DE4FCE60 /* libPods-TwitterInstant.a */,
			);
			name = Frameworks;
			sourceTree = "<group>";
		};
/* End PBXGroup section */

/* Begin PBXNativeTarget section */
		7EAF6E71213A1F0A00390B75 /* TwitterInstant */ = {
			isa = PBXNativeTarget;
			buildConfigurationList = 7EAF6E88213A1F0B00390B75 /* Build configuration list for PBXNativeTarget "TwitterInstant" */;
			buildPhases = (
				058B984CA43B00D6E67E79D1 /* [CP] Check Pods Manifest.lock */,
				7EAF6E6E213A1F0A00390B75 /* Sources */,
				7EAF6E6F213A1F0A00390B75 /* Frameworks */,
				7EAF6E70213A1F0A00390B75 /* Resources */,
			);
			buildRules = (
			);
			dependencies = (
			);
			name = TwitterInstant;
			productName = TwitterInstant;
			productReference = 7EAF6E72213A1F0A00390B75 /* TwitterInstant.app */;
			productType = "com.apple.product-type.application";
		};
/* End PBXNativeTarget section */

/* Begin PBXProject section */
		7EAF6E6A213A1F0A00390B75 /* Project object */ = {
			isa = PBXProject;
			attributes = {
				LastUpgradeCheck = 0940;
				ORGANIZATIONNAME = willokyes;
				TargetAttributes = {
					7EAF6E71213A1F0A00390B75 = {
						CreatedOnToolsVersion = 9.4.1;
					};
				};
			};
			buildConfigurationList = 7EAF6E6D213A1F0A00390B75 /* Build configuration list for PBXProject "TwitterInstant" */;
			compatibilityVersion = "Xcode 9.3";
			developmentRegion = en;
			hasScannedForEncodings = 0;
			knownRegions = (
				en,
				Base,
			);
			mainGroup = 7EAF6E69213A1F0A00390B75;
			productRefGroup = 7EAF6E73213A1F0A00390B75 /* Products */;
			projectDirPath = "";
			projectRoot = "";
			targets = (
				7EAF6E71213A1F0A00390B75 /* TwitterInstant */,
			);
		};
/* End PBXProject section */

/* Begin PBXResourcesBuildPhase section */
		7EAF6E70213A1F0A00390B75 /* Resources */ = {
			isa = PBXResourcesBuildPhase;
			buildActionMask = 2147483647;
			files = (
				7EAF6E82213A1F0B00390B75 /* LaunchScreen.storyboard in Resources */,
				7EAF6E95213A200A00390B75 /* background.jpg in Resources */,
				7EAF6E7F213A1F0B00390B75 /* Assets.xcassets in Resources */,
				7EAF6E9B213A20BE00390B75 /* Main.storyboard in Resources */,
			);
			runOnlyForDeploymentPostprocessing = 0;
		};
/* End PBXResourcesBuildPhase section */

/* Begin PBXShellScriptBuildPhase section */
		058B984CA43B00D6E67E79D1 /* [CP] Check Pods Manifest.lock */ = {
			isa = PBXShellScriptBuildPhase;
			buildActionMask = 2147483647;
			files = (
			);
			inputPaths = (
				"${PODS_PODFILE_DIR_PATH}/Podfile.lock",
				"${PODS_ROOT}/Manifest.lock",
			);
			name = "[CP] Check Pods Manifest.lock";
			outputPaths = (
				"$(DERIVED_FILE_DIR)/Pods-TwitterInstant-checkManifestLockResult.txt",
			);
			runOnlyForDeploymentPostprocessing = 0;
			shellPath = /bin/sh;
			shellScript = "diff \"${PODS_PODFILE_DIR_PATH}/Podfile.lock\" \"${PODS_ROOT}/Manifest.lock\" > /dev/null\nif [ $? != 0 ] ; then\n    # print error to STDERR\n    echo \"error: The sandbox is not in sync with the Podfile.lock. Run 'pod install' or update your CocoaPods installation.\" >&2\n    exit 1\nfi\n# This output is used by Xcode 'outputs' to avoid re-running this script phase.\necho \"SUCCESS\" > \"${SCRIPT_OUTPUT_FILE_0}\"\n";
			showEnvVarsInLog = 0;
		};
/* End PBXShellScriptBuildPhase section */

/* Begin PBXSourcesBuildPhase section */
		7EAF6E6E213A1F0A00390B75 /* Sources */ = {
			isa = PBXSourcesBuildPhase;
			buildActionMask = 2147483647;
			files = (
				7EAF6E7A213A1F0A00390B75 /* ViewController.m in Sources */,
				7EAF6E85213A1F0B00390B75 /* main.m in Sources */,
				7EAF6E97213A200A00390B75 /* RWTweet.m in Sources */,
				7EAF6E94213A200A00390B75 /* RWSearchResultsViewController.m in Sources */,
				7EAF6E96213A200A00390B75 /* RWSearchFormViewController.m in Sources */,
				7EAF6E98213A200A00390B75 /* RWTableViewCell.m in Sources */,
				7EAF6E77213A1F0A00390B75 /* AppDelegate.m in Sources */,
			);
			runOnlyForDeploymentPostprocessing = 0;
		};
/* End PBXSourcesBuildPhase section */

/* Begin PBXVariantGroup section */
		7EAF6E80213A1F0B00390B75 /* LaunchScreen.storyboard */ = {
			isa = PBXVariantGroup;
			children = (
				7EAF6E81213A1F0B00390B75 /* Base */,
			);
			name = LaunchScreen.storyboard;
			sourceTree = "<group>";
		};
		7EAF6E99213A20BD00390B75 /* Main.storyboard */ = {
			isa = PBXVariantGroup;
			children = (
				7EAF6E9A213A20BD00390B75 /* Base */,
			);
			name = Main.storyboard;
			sourceTree = "<group>";
		};
/* End PBXVariantGroup section */

/* Begin XCBuildConfiguration section */
		7EAF6E86213A1F0B00390B75 /* Debug */ = {
			isa = XCBuildConfiguration;
			buildSettings = {
				ALWAYS_SEARCH_USER_PATHS = NO;
				CLANG_ANALYZER_NONNULL = YES;
				CLANG_ANALYZER_NUMBER_OBJECT_CONVERSION = YES_AGGRESSIVE;
				CLANG_CXX_LANGUAGE_STANDARD = "gnu++14";
				CLANG_CXX_LIBRARY = "libc++";
				CLANG_ENABLE_MODULES = YES;
				CLANG_ENABLE_OBJC_ARC = YES;
				CLANG_ENABLE_OBJC_WEAK = YES;
				CLANG_WARN_BLOCK_CAPTURE_AUTORELEASING = YES;
				CLANG_WARN_BOOL_CONVERSION = YES;
				CLANG_WARN_COMMA = YES;
				CLANG_WARN_CONSTANT_CONVERSION = YES;
				CLANG_WARN_DEPRECATED_OBJC_IMPLEMENTATIONS = YES;
				CLANG_WARN_DIRECT_OBJC_ISA_USAGE = YES_ERROR;
				CLANG_WARN_DOCUMENTATION_COMMENTS = YES;
				CLANG_WARN_EMPTY_BODY = YES;
				CLANG_WARN_ENUM_CONVERSION = YES;
				CLANG_WARN_INFINITE_RECURSION = YES;
				CLANG_WARN_INT_CONVERSION = YES;
				CLANG_WARN_NON_LITERAL_NULL_CONVERSION = YES;
				CLANG_WARN_OBJC_IMPLICIT_RETAIN_SELF = YES;
				CLANG_WARN_OBJC_LITERAL_CONVERSION = YES;
				CLANG_WARN_OBJC_ROOT_CLASS = YES_ERROR;
				CLANG_WARN_RANGE_LOOP_ANALYSIS = YES;
				CLANG_WARN_STRICT_PROTOTYPES = YES;
				CLANG_WARN_SUSPICIOUS_MOVE = YES;
				CLANG_WARN_UNGUARDED_AVAILABILITY = YES_AGGRESSIVE;
				CLANG_WARN_UNREACHABLE_CODE = YES;
				CLANG_WARN__DUPLICATE_METHOD_MATCH = YES;
				CODE_SIGN_IDENTITY = "iPhone Developer";
				COPY_PHASE_STRIP = NO;
				DEBUG_INFORMATION_FORMAT = dwarf;
				ENABLE_STRICT_OBJC_MSGSEND = YES;
				ENABLE_TESTABILITY = YES;
				GCC_C_LANGUAGE_STANDARD = gnu11;
				GCC_DYNAMIC_NO_PIC = NO;
				GCC_NO_COMMON_BLOCKS = YES;
				GCC_OPTIMIZATION_LEVEL = 0;
				GCC_PREPROCESSOR_DEFINITIONS = (
					"DEBUG=1",
					"$(inherited)",
				);
				GCC_WARN_64_TO_32_BIT_CONVERSION = YES;
				GCC_WARN_ABOUT_RETURN_TYPE = YES_ERROR;
				GCC_WARN_UNDECLARED_SELECTOR = YES;
				GCC_WARN_UNINITIALIZED_AUTOS = YES_AGGRESSIVE;
				GCC_WARN_UNUSED_FUNCTION = YES;
				GCC_WARN_UNUSED_VARIABLE = YES;
				IPHONEOS_DEPLOYMENT_TARGET = 11.4;
				MTL_ENABLE_DEBUG_INFO = YES;
				ONLY_ACTIVE_ARCH = YES;
				SDKROOT = iphoneos;
			};
			name = Debug;
		};
		7EAF6E87213A1F0B00390B75 /* Release */ = {
			isa = XCBuildConfiguration;
			buildSettings = {
				ALWAYS_SEARCH_USER_PATHS = NO;
				CLANG_ANALYZER_NONNULL = YES;
				CLANG_ANALYZER_NUMBER_OBJECT_CONVERSION = YES_AGGRESSIVE;
				CLANG_CXX_LANGUAGE_STANDARD = "gnu++14";
				CLANG_CXX_LIBRARY = "libc++";
				CLANG_ENABLE_MODULES = YES;
				CLANG_ENABLE_OBJC_ARC = YES;
				CLANG_ENABLE_OBJC_WEAK = YES;
				CLANG_WARN_BLOCK_CAPTURE_AUTORELEASING = YES;
				CLANG_WARN_BOOL_CONVERSION = YES;
				CLANG_WARN_COMMA = YES;
				CLANG_WARN_CONSTANT_CONVERSION = YES;
				CLANG_WARN_DEPRECATED_OBJC_IMPLEMENTATIONS = YES;
				CLANG_WARN_DIRECT_OBJC_ISA_USAGE = YES_ERROR;
				CLANG_WARN_DOCUMENTATION_COMMENTS = YES;
				CLANG_WARN_EMPTY_BODY = YES;
				CLANG_WARN_ENUM_CONVERSION = YES;
				CLANG_WARN_INFINITE_RECURSION = YES;
				CLANG_WARN_INT_CONVERSION = YES;
				CLANG_WARN_NON_LITERAL_NULL_CONVERSION = YES;
				CLANG_WARN_OBJC_IMPLICIT_RETAIN_SELF = YES;
				CLANG_WARN_OBJC_LITERAL_CONVERSION = YES;
				CLANG_WARN_OBJC_ROOT_CLASS = YES_ERROR;
				CLANG_WARN_RANGE_LOOP_ANALYSIS = YES;
				CLANG_WARN_STRICT_PROTOTYPES = YES;
				CLANG_WARN_SUSPICIOUS_MOVE = YES;
				CLANG_WARN_UNGUARDED_AVAILABILITY = YES_AGGRESSIVE;
				CLANG_WARN_UNREACHABLE_CODE = YES;
				CLANG_WARN__DUPLICATE_METHOD_MATCH = YES;
				CODE_SIGN_IDENTITY = "iPhone Developer";
				COPY_PHASE_STRIP = NO;
				DEBUG_INFORMATION_FORMAT = "dwarf-with-dsym";
				ENABLE_NS_ASSERTIONS = NO;
				ENABLE_STRICT_OBJC_MSGSEND = YES;
				GCC_C_LANGUAGE_STANDARD = gnu11;
				GCC_NO_COMMON_BLOCKS = YES;
				GCC_WARN_64_TO_32_BIT_CONVERSION = YES;
				GCC_WARN_ABOUT_RETURN_TYPE = YES_ERROR;
				GCC_WARN_UNDECLARED_SELECTOR = YES;
				GCC_WARN_UNINITIALIZED_AUTOS = YES_AGGRESSIVE;
				GCC_WARN_UNUSED_FUNCTION = YES;
				GCC_WARN_UNUSED_VARIABLE = YES;
				IPHONEOS_DEPLOYMENT_TARGET = 11.4;
				MTL_ENABLE_DEBUG_INFO = NO;
				SDKROOT = iphoneos;
				VALIDATE_PRODUCT = YES;
			};
			name = Release;
		};
		7EAF6E89213A1F0B00390B75 /* Debug */ = {
			isa = XCBuildConfiguration;
			baseConfigurationReference = 99966A04A6478BEE0C8DB630 /* Pods-TwitterInstant.debug.xcconfig */;
			buildSettings = {
				ASSETCATALOG_COMPILER_APPICON_NAME = AppIcon;
				CODE_SIGN_STYLE = Automatic;
				DEVELOPMENT_TEAM = 53JW3F78UK;
				INFOPLIST_FILE = TwitterInstant/Info.plist;
				IPHONEOS_DEPLOYMENT_TARGET = 7.0;
				LD_RUNPATH_SEARCH_PATHS = (
					"$(inherited)",
					"@executable_path/Frameworks",
				);
				PRODUCT_BUNDLE_IDENTIFIER = willokyes.TwitterInstant;
				PRODUCT_NAME = "$(TARGET_NAME)";
				TARGETED_DEVICE_FAMILY = 2;
			};
			name = Debug;
		};
		7EAF6E8A213A1F0B00390B75 /* Release */ = {
			isa = XCBuildConfiguration;
			baseConfigurationReference = EFB941C86B339051EE0DDDD4 /* Pods-TwitterInstant.release.xcconfig */;
			buildSettings = {
				ASSETCATALOG_COMPILER_APPICON_NAME = AppIcon;
				CODE_SIGN_STYLE = Automatic;
				DEVELOPMENT_TEAM = 53JW3F78UK;
				INFOPLIST_FILE = TwitterInstant/Info.plist;
				IPHONEOS_DEPLOYMENT_TARGET = 7.0;
				LD_RUNPATH_SEARCH_PATHS = (
					"$(inherited)",
					"@executable_path/Frameworks",
				);
				PRODUCT_BUNDLE_IDENTIFIER = willokyes.TwitterInstant;
				PRODUCT_NAME = "$(TARGET_NAME)";
				TARGETED_DEVICE_FAMILY = 2;
			};
			name = Release;
		};
/* End XCBuildConfiguration section */

/* Begin XCConfigurationList section */
		7EAF6E6D213A1F0A00390B75 /* Build configuration list for PBXProject "TwitterInstant" */ = {
			isa = XCConfigurationList;
			buildConfigurations = (
				7EAF6E86213A1F0B00390B75 /* Debug */,
				7EAF6E87213A1F0B00390B75 /* Release */,
			);
			defaultConfigurationIsVisible = 0;
			defaultConfigurationName = Release;
		};
		7EAF6E88213A1F0B00390B75 /* Build configuration list for PBXNativeTarget "TwitterInstant" */ = {
			isa = XCConfigurationList;
			buildConfigurations = (
				7EAF6E89213A1F0B00390B75 /* Debug */,
				7EAF6E8A213A1F0B00390B75 /* Release */,
			);
			defaultConfigurationIsVisible = 0;
			defaultConfigurationName = Release;
		};
/* End XCConfigurationList section */
	};
	rootObject = 7EAF6E6A213A1F0A00390B75 /* Project object */;
}
